lockfileVersion: 5.4

specifiers:
  autoprefixer: ^10.4.7
  postcss: ^8.4.14
  tailwindcss: ^3.1.4
  typescript: ^4.5.4
  vite: ^2.9.9

devDependencies:
  autoprefixer: registry.npmmirror.com/autoprefixer/10.4.7_postcss@8.4.14
  postcss: registry.npmmirror.com/postcss/8.4.14
  tailwindcss: registry.npmmirror.com/tailwindcss/3.1.4
  typescript: registry.npmmirror.com/typescript/4.7.4
  vite: registry.npmmirror.com/vite/2.9.13

packages:

  registry.npmmirror.com/@nodelib/fs.scandir/2.1.5:
    resolution: {integrity: sha512-vq24Bq3ym5HEQm2NKCr3yXDwjc7vTsEThRDnkp2DK9p1uqLR+DHurm/NOTo0KG7HYHU7eppKZj3MyqYuMBf62g==, registry: https://registry.npm.taobao.org/, tarball: https://registry.npmmirror.com/@nodelib/fs.scandir/-/fs.scandir-2.1.5.tgz}
    name: '@nodelib/fs.scandir'
    version: 2.1.5
    engines: {node: '>= 8'}
    dependencies:
      '@nodelib/fs.stat': registry.npmmirror.com/@nodelib/fs.stat/2.0.5
      run-parallel: registry.npmmirror.com/run-parallel/1.2.0
    dev: true

  registry.npmmirror.com/@nodelib/fs.stat/2.0.5:
    resolution: {integrity: sha512-RkhPPp2zrqDAQA/2jNhnztcPAlv64XdhIp7a7454A5ovI7Bukxgt7MX7udwAu3zg1DcpPU0rz3VV1SeaqvY4+A==, registry: https://registry.npm.taobao.org/, tarball: https://registry.npmmirror.com/@nodelib/fs.stat/-/fs.stat-2.0.5.tgz}
    name: '@nodelib/fs.stat'
    version: 2.0.5
    engines: {node: '>= 8'}
    dev: true

  registry.npmmirror.com/@nodelib/fs.walk/1.2.8:
    resolution: {integrity: sha512-oGB+UxlgWcgQkgwo8GcEGwemoTFt3FIO9ababBmaGwXIoBKZ+GTy0pP185beGg7Llih/NSHSV2XAs1lnznocSg==, registry: https://registry.npm.taobao.org/, tarball: https://registry.npmmirror.com/@nodelib/fs.walk/-/fs.walk-1.2.8.tgz}
    name: '@nodelib/fs.walk'
    version: 1.2.8
    engines: {node: '>= 8'}
    dependencies:
      '@nodelib/fs.scandir': registry.npmmirror.com/@nodelib/fs.scandir/2.1.5
      fastq: registry.npmmirror.com/fastq/1.13.0
    dev: true

  registry.npmmirror.com/acorn-node/1.8.2:
    resolution: {integrity: sha512-8mt+fslDufLYntIoPAaIMUe/lrbrehIiwmR3t2k9LljIzoigEPF27eLk2hy8zSGzmR/ogr7zbRKINMo1u0yh5A==, registry: https://registry.npm.taobao.org/, tarball: https://registry.npmmirror.com/acorn-node/-/acorn-node-1.8.2.tgz}
    name: acorn-node
    version: 1.8.2
    dependencies:
      acorn: registry.npmmirror.com/acorn/7.4.1
      acorn-walk: registry.npmmirror.com/acorn-walk/7.2.0
      xtend: registry.npmmirror.com/xtend/4.0.2
    dev: true

  registry.npmmirror.com/acorn-walk/7.2.0:
    resolution: {integrity: sha512-OPdCF6GsMIP+Az+aWfAAOEt2/+iVDKE7oy6lJ098aoe59oAmK76qV6Gw60SbZ8jHuG2wH058GF4pLFbYamYrVA==, registry: https://registry.npm.taobao.org/, tarball: https://registry.npmmirror.com/acorn-walk/-/acorn-walk-7.2.0.tgz}
    name: acorn-walk
    version: 7.2.0
    engines: {node: '>=0.4.0'}
    dev: true

  registry.npmmirror.com/acorn/7.4.1:
    resolution: {integrity: sha512-nQyp0o1/mNdbTO1PO6kHkwSrmgZ0MT/jCCpNiwbUjGoRN4dlBhqJtoQuCnEOKzgTVwg0ZWiCoQy6SxMebQVh8A==, registry: https://registry.npm.taobao.org/, tarball: https://registry.npmmirror.com/acorn/-/acorn-7.4.1.tgz}
    name: acorn
    version: 7.4.1
    engines: {node: '>=0.4.0'}
    hasBin: true
    dev: true

  registry.npmmirror.com/anymatch/3.1.2:
    resolution: {integrity: sha512-P43ePfOAIupkguHUycrc4qJ9kz8ZiuOUijaETwX7THt0Y/GNK7v0aa8rY816xWjZ7rJdA5XdMcpVFTKMq+RvWg==, registry: https://registry.npm.taobao.org/, tarball: https://registry.npmmirror.com/anymatch/-/anymatch-3.1.2.tgz}
    name: anymatch
    version: 3.1.2
    engines: {node: '>= 8'}
    dependencies:
      normalize-path: registry.npmmirror.com/normalize-path/3.0.0
      picomatch: registry.npmmirror.com/picomatch/2.3.1
    dev: true

  registry.npmmirror.com/arg/5.0.2:
    resolution: {integrity: sha512-PYjyFOLKQ9y57JvQ6QLo8dAgNqswh8M1RMJYdQduT6xbWSgK36P/Z/v+p888pM69jMMfS8Xd8F6I1kQ/I9HUGg==, registry: https://registry.npm.taobao.org/, tarball: https://registry.npmmirror.com/arg/-/arg-5.0.2.tgz}
    name: arg
    version: 5.0.2
    dev: true

  registry.npmmirror.com/autoprefixer/10.4.7_postcss@8.4.14:
    resolution: {integrity: sha512-ypHju4Y2Oav95SipEcCcI5J7CGPuvz8oat7sUtYj3ClK44bldfvtvcxK6IEK++7rqB7YchDGzweZIBG+SD0ZAA==, registry: https://registry.npm.taobao.org/, tarball: https://registry.npmmirror.com/autoprefixer/-/autoprefixer-10.4.7.tgz}
    id: registry.npmmirror.com/autoprefixer/10.4.7
    name: autoprefixer
    version: 10.4.7
    engines: {node: ^10 || ^12 || >=14}
    hasBin: true
    peerDependencies:
      postcss: ^8.1.0
    dependencies:
      browserslist: registry.npmmirror.com/browserslist/4.21.0
      caniuse-lite: registry.npmmirror.com/caniuse-lite/1.0.30001359
      fraction.js: registry.npmmirror.com/fraction.js/4.2.0
      normalize-range: registry.npmmirror.com/normalize-range/0.1.2
      picocolors: registry.npmmirror.com/picocolors/1.0.0
      postcss: registry.npmmirror.com/postcss/8.4.14
      postcss-value-parser: registry.npmmirror.com/postcss-value-parser/4.2.0
    dev: true

  registry.npmmirror.com/binary-extensions/2.2.0:
    resolution: {integrity: sha512-jDctJ/IVQbZoJykoeHbhXpOlNBqGNcwXJKJog42E5HDPUwQTSdjCHdihjj0DlnheQ7blbT6dHOafNAiS8ooQKA==, registry: https://registry.npm.taobao.org/, tarball: https://registry.npmmirror.com/binary-extensions/-/binary-extensions-2.2.0.tgz}
    name: binary-extensions
    version: 2.2.0
    engines: {node: '>=8'}
    dev: true

  registry.npmmirror.com/braces/3.0.2:
    resolution: {integrity: sha512-b8um+L1RzM3WDSzvhm6gIz1yfTbBt6YTlcEKAvsmqCZZFw46z626lVj9j1yEPW33H5H+lBQpZMP1k8l+78Ha0A==, registry: https://registry.npm.taobao.org/, tarball: https://registry.npmmirror.com/braces/-/braces-3.0.2.tgz}
    name: braces
    version: 3.0.2
    engines: {node: '>=8'}
    dependencies:
      fill-range: registry.npmmirror.com/fill-range/7.0.1
    dev: true

  registry.npmmirror.com/browserslist/4.21.0:
    resolution: {integrity: sha512-UQxE0DIhRB5z/zDz9iA03BOfxaN2+GQdBYH/2WrSIWEUrnpzTPJbhqt+umq6r3acaPRTW1FNTkrcp0PXgtFkvA==, registry: https://registry.npm.taobao.org/, tarball: https://registry.npmmirror.com/browserslist/-/browserslist-4.21.0.tgz}
    name: browserslist
    version: 4.21.0
    engines: {node: ^6 || ^7 || ^8 || ^9 || ^10 || ^11 || ^12 || >=13.7}
    hasBin: true
    dependencies:
      caniuse-lite: registry.npmmirror.com/caniuse-lite/1.0.30001359
      electron-to-chromium: registry.npmmirror.com/electron-to-chromium/1.4.172
      node-releases: registry.npmmirror.com/node-releases/2.0.5
      update-browserslist-db: registry.npmmirror.com/update-browserslist-db/1.0.4_browserslist@4.21.0
    dev: true

  registry.npmmirror.com/camelcase-css/2.0.1:
    resolution: {integrity: sha512-QOSvevhslijgYwRx6Rv7zKdMF8lbRmx+uQGx2+vDc+KI/eBnsy9kit5aj23AgGu3pa4t9AgwbnXWqS+iOY+2aA==, registry: https://registry.npm.taobao.org/, tarball: https://registry.npmmirror.com/camelcase-css/-/camelcase-css-2.0.1.tgz}
    name: camelcase-css
    version: 2.0.1
    engines: {node: '>= 6'}
    dev: true

  registry.npmmirror.com/caniuse-lite/1.0.30001359:
    resolution: {integrity: sha512-Xln/BAsPzEuiVLgJ2/45IaqD9jShtk3Y33anKb4+yLwQzws3+v6odKfpgES/cDEaZMLzSChpIGdbOYtH9MyuHw==, registry: https://registry.npm.taobao.org/, tarball: https://registry.npmmirror.com/caniuse-lite/-/caniuse-lite-1.0.30001359.tgz}
    name: caniuse-lite
    version: 1.0.30001359
    dev: true

  registry.npmmirror.com/chokidar/3.5.3:
    resolution: {integrity: sha512-Dr3sfKRP6oTcjf2JmUmFJfeVMvXBdegxB0iVQ5eb2V10uFJUCAS8OByZdVAyVb8xXNz3GjjTgj9kLWsZTqE6kw==, registry: https://registry.npm.taobao.org/, tarball: https://registry.npmmirror.com/chokidar/-/chokidar-3.5.3.tgz}
    name: chokidar
    version: 3.5.3
    engines: {node: '>= 8.10.0'}
    dependencies:
      anymatch: registry.npmmirror.com/anymatch/3.1.2
      braces: registry.npmmirror.com/braces/3.0.2
      glob-parent: registry.npmmirror.com/glob-parent/5.1.2
      is-binary-path: registry.npmmirror.com/is-binary-path/2.1.0
      is-glob: registry.npmmirror.com/is-glob/4.0.3
      normalize-path: registry.npmmirror.com/normalize-path/3.0.0
      readdirp: registry.npmmirror.com/readdirp/3.6.0
    optionalDependencies:
      fsevents: registry.npmmirror.com/fsevents/2.3.2
    dev: true

  registry.npmmirror.com/color-name/1.1.4:
    resolution: {integrity: sha512-dOy+3AuW3a2wNbZHIuMZpTcgjGuLU/uBL/ubcZF9OXbDo8ff4O8yVp5Bf0efS8uEoYo5q4Fx7dY9OgQGXgAsQA==, registry: https://registry.npm.taobao.org/, tarball: https://registry.npmmirror.com/color-name/-/color-name-1.1.4.tgz}
    name: color-name
    version: 1.1.4
    dev: true

  registry.npmmirror.com/cssesc/3.0.0:
    resolution: {integrity: sha512-/Tb/JcjK111nNScGob5MNtsntNM1aCNUDipB/TkwZFhyDrrE47SOx/18wF2bbjgc3ZzCSKW1T5nt5EbFoAz/Vg==, registry: https://registry.npm.taobao.org/, tarball: https://registry.npmmirror.com/cssesc/-/cssesc-3.0.0.tgz}
    name: cssesc
    version: 3.0.0
    engines: {node: '>=4'}
    hasBin: true
    dev: true

  registry.npmmirror.com/defined/1.0.0:
    resolution: {integrity: sha512-Y2caI5+ZwS5c3RiNDJ6u53VhQHv+hHKwhkI1iHvceKUHw9Df6EK2zRLfjejRgMuCuxK7PfSWIMwWecceVvThjQ==, registry: https://registry.npm.taobao.org/, tarball: https://registry.npmmirror.com/defined/-/defined-1.0.0.tgz}
    name: defined
    version: 1.0.0
    dev: true

  registry.npmmirror.com/detective/5.2.1:
    resolution: {integrity: sha512-v9XE1zRnz1wRtgurGu0Bs8uHKFSTdteYZNbIPFVhUZ39L/S79ppMpdmVOZAnoz1jfEFodc48n6MX483Xo3t1yw==, registry: https://registry.npm.taobao.org/, tarball: https://registry.npmmirror.com/detective/-/detective-5.2.1.tgz}
    name: detective
    version: 5.2.1
    engines: {node: '>=0.8.0'}
    hasBin: true
    dependencies:
      acorn-node: registry.npmmirror.com/acorn-node/1.8.2
      defined: registry.npmmirror.com/defined/1.0.0
      minimist: registry.npmmirror.com/minimist/1.2.6
    dev: true

  registry.npmmirror.com/didyoumean/1.2.2:
    resolution: {integrity: sha512-gxtyfqMg7GKyhQmb056K7M3xszy/myH8w+B4RT+QXBQsvAOdc3XymqDDPHx1BgPgsdAA5SIifona89YtRATDzw==, registry: https://registry.npm.taobao.org/, tarball: https://registry.npmmirror.com/didyoumean/-/didyoumean-1.2.2.tgz}
    name: didyoumean
    version: 1.2.2
    dev: true

  registry.npmmirror.com/dlv/1.1.3:
    resolution: {integrity: sha512-+HlytyjlPKnIG8XuRG8WvmBP8xs8P71y+SKKS6ZXWoEgLuePxtDoUEiH7WkdePWrQ5JBpE6aoVqfZfJUQkjXwA==, registry: https://registry.npm.taobao.org/, tarball: https://registry.npmmirror.com/dlv/-/dlv-1.1.3.tgz}
    name: dlv
    version: 1.1.3
    dev: true

  registry.npmmirror.com/electron-to-chromium/1.4.172:
    resolution: {integrity: sha512-yDoFfTJnqBAB6hSiPvzmsBJSrjOXJtHSJoqJdI/zSIh7DYupYnIOHt/bbPw/WE31BJjNTybDdNAs21gCMnTh0Q==, registry: https://registry.npm.taobao.org/, tarball: https://registry.npmmirror.com/electron-to-chromium/-/electron-to-chromium-1.4.172.tgz}
    name: electron-to-chromium
    version: 1.4.172
    dev: true

  registry.npmmirror.com/esbuild-android-64/0.14.47:
    resolution: {integrity: sha512-R13Bd9+tqLVFndncMHssZrPWe6/0Kpv2/dt4aA69soX4PRxlzsVpCvoJeFE8sOEoeVEiBkI0myjlkDodXlHa0g==, registry: https://registry.npm.taobao.org/, tarball: https://registry.npmmirror.com/esbuild-android-64/-/esbuild-android-64-0.14.47.tgz}
    name: esbuild-android-64
    version: 0.14.47
    engines: {node: '>=12'}
    cpu: [x64]
    os: [android]
    requiresBuild: true
    dev: true
    optional: true

  registry.npmmirror.com/esbuild-android-arm64/0.14.47:
    resolution: {integrity: sha512-OkwOjj7ts4lBp/TL6hdd8HftIzOy/pdtbrNA4+0oVWgGG64HrdVzAF5gxtJufAPOsEjkyh1oIYvKAUinKKQRSQ==, registry: https://registry.npm.taobao.org/, tarball: https://registry.npmmirror.com/esbuild-android-arm64/-/esbuild-android-arm64-0.14.47.tgz}
    name: esbuild-android-arm64
    version: 0.14.47
    engines: {node: '>=12'}
    cpu: [arm64]
    os: [android]
    requiresBuild: true
    dev: true
    optional: true

  registry.npmmirror.com/esbuild-darwin-64/0.14.47:
    resolution: {integrity: sha512-R6oaW0y5/u6Eccti/TS6c/2c1xYTb1izwK3gajJwi4vIfNs1s8B1dQzI1UiC9T61YovOQVuePDcfqHLT3mUZJA==, registry: https://registry.npm.taobao.org/, tarball: https://registry.npmmirror.com/esbuild-darwin-64/-/esbuild-darwin-64-0.14.47.tgz}
    name: esbuild-darwin-64
    version: 0.14.47
    engines: {node: '>=12'}
    cpu: [x64]
    os: [darwin]
    requiresBuild: true
    dev: true
    optional: true

  registry.npmmirror.com/esbuild-darwin-arm64/0.14.47:
    resolution: {integrity: sha512-seCmearlQyvdvM/noz1L9+qblC5vcBrhUaOoLEDDoLInF/VQ9IkobGiLlyTPYP5dW1YD4LXhtBgOyevoIHGGnw==, registry: https://registry.npm.taobao.org/, tarball: https://registry.npmmirror.com/esbuild-darwin-arm64/-/esbuild-darwin-arm64-0.14.47.tgz}
    name: esbuild-darwin-arm64
    version: 0.14.47
    engines: {node: '>=12'}
    cpu: [arm64]
    os: [darwin]
    requiresBuild: true
    dev: true
    optional: true

  registry.npmmirror.com/esbuild-freebsd-64/0.14.47:
    resolution: {integrity: sha512-ZH8K2Q8/Ux5kXXvQMDsJcxvkIwut69KVrYQhza/ptkW50DC089bCVrJZZ3sKzIoOx+YPTrmsZvqeZERjyYrlvQ==, registry: https://registry.npm.taobao.org/, tarball: https://registry.npmmirror.com/esbuild-freebsd-64/-/esbuild-freebsd-64-0.14.47.tgz}
    name: esbuild-freebsd-64
    version: 0.14.47
    engines: {node: '>=12'}
    cpu: [x64]
    os: [freebsd]
    requiresBuild: true
    dev: true
    optional: true

  registry.npmmirror.com/esbuild-freebsd-arm64/0.14.47:
    resolution: {integrity: sha512-ZJMQAJQsIOhn3XTm7MPQfCzEu5b9STNC+s90zMWe2afy9EwnHV7Ov7ohEMv2lyWlc2pjqLW8QJnz2r0KZmeAEQ==, registry: https://registry.npm.taobao.org/, tarball: https://registry.npmmirror.com/esbuild-freebsd-arm64/-/esbuild-freebsd-arm64-0.14.47.tgz}
    name: esbuild-freebsd-arm64
    version: 0.14.47
    engines: {node: '>=12'}
    cpu: [arm64]
    os: [freebsd]
    requiresBuild: true
    dev: true
    optional: true

  registry.npmmirror.com/esbuild-linux-32/0.14.47:
    resolution: {integrity: sha512-FxZOCKoEDPRYvq300lsWCTv1kcHgiiZfNrPtEhFAiqD7QZaXrad8LxyJ8fXGcWzIFzRiYZVtB3ttvITBvAFhKw==, registry: https://registry.npm.taobao.org/, tarball: https://registry.npmmirror.com/esbuild-linux-32/-/esbuild-linux-32-0.14.47.tgz}
    name: esbuild-linux-32
    version: 0.14.47
    engines: {node: '>=12'}
    cpu: [ia32]
    os: [linux]
    requiresBuild: true
    dev: true
    optional: true

  registry.npmmirror.com/esbuild-linux-64/0.14.47:
    resolution: {integrity: sha512-nFNOk9vWVfvWYF9YNYksZptgQAdstnDCMtR6m42l5Wfugbzu11VpMCY9XrD4yFxvPo9zmzcoUL/88y0lfJZJJw==, registry: https://registry.npm.taobao.org/, tarball: https://registry.npmmirror.com/esbuild-linux-64/-/esbuild-linux-64-0.14.47.tgz}
    name: esbuild-linux-64
    version: 0.14.47
    engines: {node: '>=12'}
    cpu: [x64]
    os: [linux]
    requiresBuild: true
    dev: true
    optional: true

  registry.npmmirror.com/esbuild-linux-arm/0.14.47:
    resolution: {integrity: sha512-ZGE1Bqg/gPRXrBpgpvH81tQHpiaGxa8c9Rx/XOylkIl2ypLuOcawXEAo8ls+5DFCcRGt/o3sV+PzpAFZobOsmA==, registry: https://registry.npm.taobao.org/, tarball: https://registry.npmmirror.com/esbuild-linux-arm/-/esbuild-linux-arm-0.14.47.tgz}
    name: esbuild-linux-arm
    version: 0.14.47
    engines: {node: '>=12'}
    cpu: [arm]
    os: [linux]
    requiresBuild: true
    dev: true
    optional: true

  registry.npmmirror.com/esbuild-linux-arm64/0.14.47:
    resolution: {integrity: sha512-ywfme6HVrhWcevzmsufjd4iT3PxTfCX9HOdxA7Hd+/ZM23Y9nXeb+vG6AyA6jgq/JovkcqRHcL9XwRNpWG6XRw==, registry: https://registry.npm.taobao.org/, tarball: https://registry.npmmirror.com/esbuild-linux-arm64/-/esbuild-linux-arm64-0.14.47.tgz}
    name: esbuild-linux-arm64
    version: 0.14.47
    engines: {node: '>=12'}
    cpu: [arm64]
    os: [linux]
    requiresBuild: true
    dev: true
    optional: true

  registry.npmmirror.com/esbuild-linux-mips64le/0.14.47:
    resolution: {integrity: sha512-mg3D8YndZ1LvUiEdDYR3OsmeyAew4MA/dvaEJxvyygahWmpv1SlEEnhEZlhPokjsUMfRagzsEF/d/2XF+kTQGg==, registry: https://registry.npm.taobao.org/, tarball: https://registry.npmmirror.com/esbuild-linux-mips64le/-/esbuild-linux-mips64le-0.14.47.tgz}
    name: esbuild-linux-mips64le
    version: 0.14.47
    engines: {node: '>=12'}
    cpu: [mips64el]
    os: [linux]
    requiresBuild: true
    dev: true
    optional: true

  registry.npmmirror.com/esbuild-linux-ppc64le/0.14.47:
    resolution: {integrity: sha512-WER+f3+szmnZiWoK6AsrTKGoJoErG2LlauSmk73LEZFQ/iWC+KhhDsOkn1xBUpzXWsxN9THmQFltLoaFEH8F8w==, registry: https://registry.npm.taobao.org/, tarball: https://registry.npmmirror.com/esbuild-linux-ppc64le/-/esbuild-linux-ppc64le-0.14.47.tgz}
    name: esbuild-linux-ppc64le
    version: 0.14.47
    engines: {node: '>=12'}
    cpu: [ppc64]
    os: [linux]
    requiresBuild: true
    dev: true
    optional: true

  registry.npmmirror.com/esbuild-linux-riscv64/0.14.47:
    resolution: {integrity: sha512-1fI6bP3A3rvI9BsaaXbMoaOjLE3lVkJtLxsgLHqlBhLlBVY7UqffWBvkrX/9zfPhhVMd9ZRFiaqXnB1T7BsL2g==, registry: https://registry.npm.taobao.org/, tarball: https://registry.npmmirror.com/esbuild-linux-riscv64/-/esbuild-linux-riscv64-0.14.47.tgz}
    name: esbuild-linux-riscv64
    version: 0.14.47
    engines: {node: '>=12'}
    cpu: [riscv64]
    os: [linux]
    requiresBuild: true
    dev: true
    optional: true

  registry.npmmirror.com/esbuild-linux-s390x/0.14.47:
    resolution: {integrity: sha512-eZrWzy0xFAhki1CWRGnhsHVz7IlSKX6yT2tj2Eg8lhAwlRE5E96Hsb0M1mPSE1dHGpt1QVwwVivXIAacF/G6mw==, registry: https://registry.npm.taobao.org/, tarball: https://registry.npmmirror.com/esbuild-linux-s390x/-/esbuild-linux-s390x-0.14.47.tgz}
    name: esbuild-linux-s390x
    version: 0.14.47
    engines: {node: '>=12'}
    cpu: [s390x]
    os: [linux]
    requiresBuild: true
    dev: true
    optional: true

  registry.npmmirror.com/esbuild-netbsd-64/0.14.47:
    resolution: {integrity: sha512-Qjdjr+KQQVH5Q2Q1r6HBYswFTToPpss3gqCiSw2Fpq/ua8+eXSQyAMG+UvULPqXceOwpnPo4smyZyHdlkcPppQ==, registry: https://registry.npm.taobao.org/, tarball: https://registry.npmmirror.com/esbuild-netbsd-64/-/esbuild-netbsd-64-0.14.47.tgz}
    name: esbuild-netbsd-64
    version: 0.14.47
    engines: {node: '>=12'}
    cpu: [x64]
    os: [netbsd]
    requiresBuild: true
    dev: true
    optional: true

  registry.npmmirror.com/esbuild-openbsd-64/0.14.47:
    resolution: {integrity: sha512-QpgN8ofL7B9z8g5zZqJE+eFvD1LehRlxr25PBkjyyasakm4599iroUpaj96rdqRlO2ShuyqwJdr+oNqWwTUmQw==, registry: https://registry.npm.taobao.org/, tarball: https://registry.npmmirror.com/esbuild-openbsd-64/-/esbuild-openbsd-64-0.14.47.tgz}
    name: esbuild-openbsd-64
    version: 0.14.47
    engines: {node: '>=12'}
    cpu: [x64]
    os: [openbsd]
    requiresBuild: true
    dev: true
    optional: true

  registry.npmmirror.com/esbuild-sunos-64/0.14.47:
    resolution: {integrity: sha512-uOeSgLUwukLioAJOiGYm3kNl+1wJjgJA8R671GYgcPgCx7QR73zfvYqXFFcIO93/nBdIbt5hd8RItqbbf3HtAQ==, registry: https://registry.npm.taobao.org/, tarball: https://registry.npmmirror.com/esbuild-sunos-64/-/esbuild-sunos-64-0.14.47.tgz}
    name: esbuild-sunos-64
    version: 0.14.47
    engines: {node: '>=12'}
    cpu: [x64]
    os: [sunos]
    requiresBuild: true
    dev: true
    optional: true

  registry.npmmirror.com/esbuild-windows-32/0.14.47:
    resolution: {integrity: sha512-H0fWsLTp2WBfKLBgwYT4OTfFly4Im/8B5f3ojDv1Kx//kiubVY0IQunP2Koc/fr/0wI7hj3IiBDbSrmKlrNgLQ==, registry: https://registry.npm.taobao.org/, tarball: https://registry.npmmirror.com/esbuild-windows-32/-/esbuild-windows-32-0.14.47.tgz}
    name: esbuild-windows-32
    version: 0.14.47
    engines: {node: '>=12'}
    cpu: [ia32]
    os: [win32]
    requiresBuild: true
    dev: true
    optional: true

  registry.npmmirror.com/esbuild-windows-64/0.14.47:
    resolution: {integrity: sha512-/Pk5jIEH34T68r8PweKRi77W49KwanZ8X6lr3vDAtOlH5EumPE4pBHqkCUdELanvsT14yMXLQ/C/8XPi1pAtkQ==, registry: https://registry.npm.taobao.org/, tarball: https://registry.npmmirror.com/esbuild-windows-64/-/esbuild-windows-64-0.14.47.tgz}
    name: esbuild-windows-64
    version: 0.14.47
    engines: {node: '>=12'}
    cpu: [x64]
    os: [win32]
    requiresBuild: true
    dev: true
    optional: true

  registry.npmmirror.com/esbuild-windows-arm64/0.14.47:
    resolution: {integrity: sha512-HFSW2lnp62fl86/qPQlqw6asIwCnEsEoNIL1h2uVMgakddf+vUuMcCbtUY1i8sst7KkgHrVKCJQB33YhhOweCQ==, registry: https://registry.npm.taobao.org/, tarball: https://registry.npmmirror.com/esbuild-windows-arm64/-/esbuild-windows-arm64-0.14.47.tgz}
    name: esbuild-windows-arm64
    version: 0.14.47
    engines: {node: '>=12'}
    cpu: [arm64]
    os: [win32]
    requiresBuild: true
    dev: true
    optional: true

  registry.npmmirror.com/esbuild/0.14.47:
    resolution: {integrity: sha512-wI4ZiIfFxpkuxB8ju4MHrGwGLyp1+awEHAHVpx6w7a+1pmYIq8T9FGEVVwFo0iFierDoMj++Xq69GXWYn2EiwA==, registry: https://registry.npm.taobao.org/, tarball: https://registry.npmmirror.com/esbuild/-/esbuild-0.14.47.tgz}
    name: esbuild
    version: 0.14.47
    engines: {node: '>=12'}
    hasBin: true
    requiresBuild: true
    optionalDependencies:
      esbuild-android-64: registry.npmmirror.com/esbuild-android-64/0.14.47
      esbuild-android-arm64: registry.npmmirror.com/esbuild-android-arm64/0.14.47
      esbuild-darwin-64: registry.npmmirror.com/esbuild-darwin-64/0.14.47
      esbuild-darwin-arm64: registry.npmmirror.com/esbuild-darwin-arm64/0.14.47
      esbuild-freebsd-64: registry.npmmirror.com/esbuild-freebsd-64/0.14.47
      esbuild-freebsd-arm64: registry.npmmirror.com/esbuild-freebsd-arm64/0.14.47
      esbuild-linux-32: registry.npmmirror.com/esbuild-linux-32/0.14.47
      esbuild-linux-64: registry.npmmirror.com/esbuild-linux-64/0.14.47
      esbuild-linux-arm: registry.npmmirror.com/esbuild-linux-arm/0.14.47
      esbuild-linux-arm64: registry.npmmirror.com/esbuild-linux-arm64/0.14.47
      esbuild-linux-mips64le: registry.npmmirror.com/esbuild-linux-mips64le/0.14.47
      esbuild-linux-ppc64le: registry.npmmirror.com/esbuild-linux-ppc64le/0.14.47
      esbuild-linux-riscv64: registry.npmmirror.com/esbuild-linux-riscv64/0.14.47
      esbuild-linux-s390x: registry.npmmirror.com/esbuild-linux-s390x/0.14.47
      esbuild-netbsd-64: registry.npmmirror.com/esbuild-netbsd-64/0.14.47
      esbuild-openbsd-64: registry.npmmirror.com/esbuild-openbsd-64/0.14.47
      esbuild-sunos-64: registry.npmmirror.com/esbuild-sunos-64/0.14.47
      esbuild-windows-32: registry.npmmirror.com/esbuild-windows-32/0.14.47
      esbuild-windows-64: registry.npmmirror.com/esbuild-windows-64/0.14.47
      esbuild-windows-arm64: registry.npmmirror.com/esbuild-windows-arm64/0.14.47
    dev: true

  registry.npmmirror.com/escalade/3.1.1:
    resolution: {integrity: sha512-k0er2gUkLf8O0zKJiAhmkTnJlTvINGv7ygDNPbeIsX/TJjGJZHuh9B2UxbsaEkmlEo9MfhrSzmhIlhRlI2GXnw==, registry: https://registry.npm.taobao.org/, tarball: https://registry.npmmirror.com/escalade/-/escalade-3.1.1.tgz}
    name: escalade
    version: 3.1.1
    engines: {node: '>=6'}
    dev: true

  registry.npmmirror.com/fast-glob/3.2.11:
    resolution: {integrity: sha512-xrO3+1bxSo3ZVHAnqzyuewYT6aMFHRAd4Kcs92MAonjwQZLsK9d0SF1IyQ3k5PoirxTW0Oe/RqFgMQ6TcNE5Ew==, registry: https://registry.npm.taobao.org/, tarball: https://registry.npmmirror.com/fast-glob/-/fast-glob-3.2.11.tgz}
    name: fast-glob
    version: 3.2.11
    engines: {node: '>=8.6.0'}
    dependencies:
      '@nodelib/fs.stat': registry.npmmirror.com/@nodelib/fs.stat/2.0.5
      '@nodelib/fs.walk': registry.npmmirror.com/@nodelib/fs.walk/1.2.8
      glob-parent: registry.npmmirror.com/glob-parent/5.1.2
      merge2: registry.npmmirror.com/merge2/1.4.1
      micromatch: registry.npmmirror.com/micromatch/4.0.5
    dev: true

  registry.npmmirror.com/fastq/1.13.0:
    resolution: {integrity: sha512-YpkpUnK8od0o1hmeSc7UUs/eB/vIPWJYjKck2QKIzAf71Vm1AAQ3EbuZB3g2JIy+pg+ERD0vqI79KyZiB2e2Nw==, registry: https://registry.npm.taobao.org/, tarball: https://registry.npmmirror.com/fastq/-/fastq-1.13.0.tgz}
    name: fastq
    version: 1.13.0
    dependencies:
      reusify: registry.npmmirror.com/reusify/1.0.4
    dev: true

  registry.npmmirror.com/fill-range/7.0.1:
    resolution: {integrity: sha512-qOo9F+dMUmC2Lcb4BbVvnKJxTPjCm+RRpe4gDuGrzkL7mEVl/djYSu2OdQ2Pa302N4oqkSg9ir6jaLWJ2USVpQ==, registry: https://registry.npm.taobao.org/, tarball: https://registry.npmmirror.com/fill-range/-/fill-range-7.0.1.tgz}
    name: fill-range
    version: 7.0.1
    engines: {node: '>=8'}
    dependencies:
      to-regex-range: registry.npmmirror.com/to-regex-range/5.0.1
    dev: true

  registry.npmmirror.com/fraction.js/4.2.0:
    resolution: {integrity: sha512-MhLuK+2gUcnZe8ZHlaaINnQLl0xRIGRfcGk2yl8xoQAfHrSsL3rYu6FCmBdkdbhc9EPlwyGHewaRsvwRMJtAlA==, registry: https://registry.npm.taobao.org/, tarball: https://registry.npmmirror.com/fraction.js/-/fraction.js-4.2.0.tgz}
    name: fraction.js
    version: 4.2.0
    dev: true

  registry.npmmirror.com/fsevents/2.3.2:
    resolution: {integrity: sha512-xiqMQR4xAeHTuB9uWm+fFRcIOgKBMiOBP+eXiyT7jsgVCq1bkVygt00oASowB7EdtpOHaaPgKt812P9ab+DDKA==, registry: https://registry.npm.taobao.org/, tarball: https://registry.npmmirror.com/fsevents/-/fsevents-2.3.2.tgz}
    name: fsevents
    version: 2.3.2
    engines: {node: ^8.16.0 || ^10.6.0 || >=11.0.0}
    os: [darwin]
    requiresBuild: true
    dev: true
    optional: true

  registry.npmmirror.com/function-bind/1.1.1:
    resolution: {integrity: sha512-yIovAzMX49sF8Yl58fSCWJ5svSLuaibPxXQJFLmBObTuCr0Mf1KiPopGM9NiFjiYBCbfaa2Fh6breQ6ANVTI0A==, registry: https://registry.npm.taobao.org/, tarball: https://registry.npmmirror.com/function-bind/-/function-bind-1.1.1.tgz}
    name: function-bind
    version: 1.1.1
    dev: true

  registry.npmmirror.com/glob-parent/5.1.2:
    resolution: {integrity: sha512-AOIgSQCepiJYwP3ARnGx+5VnTu2HBYdzbGP45eLw1vr3zB3vZLeyed1sC9hnbcOc9/SrMyM5RPQrkGz4aS9Zow==, registry: https://registry.npm.taobao.org/, tarball: https://registry.npmmirror.com/glob-parent/-/glob-parent-5.1.2.tgz}
    name: glob-parent
    version: 5.1.2
    engines: {node: '>= 6'}
    dependencies:
      is-glob: registry.npmmirror.com/is-glob/4.0.3
    dev: true

  registry.npmmirror.com/glob-parent/6.0.2:
    resolution: {integrity: sha512-XxwI8EOhVQgWp6iDL+3b0r86f4d6AX6zSU55HfB4ydCEuXLXc5FcYeOu+nnGftS4TEju/11rt4KJPTMgbfmv4A==, registry: https://registry.npm.taobao.org/, tarball: https://registry.npmmirror.com/glob-parent/-/glob-parent-6.0.2.tgz}
    name: glob-parent
    version: 6.0.2
    engines: {node: '>=10.13.0'}
    dependencies:
      is-glob: registry.npmmirror.com/is-glob/4.0.3
    dev: true

  registry.npmmirror.com/has/1.0.3:
    resolution: {integrity: sha512-f2dvO0VU6Oej7RkWJGrehjbzMAjFp5/VKPp5tTpWIV4JHHZK1/BxbFRtf/siA2SWTe09caDmVtYYzWEIbBS4zw==, registry: https://registry.npm.taobao.org/, tarball: https://registry.npmmirror.com/has/-/has-1.0.3.tgz}
    name: has
    version: 1.0.3
    engines: {node: '>= 0.4.0'}
    dependencies:
      function-bind: registry.npmmirror.com/function-bind/1.1.1
    dev: true

  registry.npmmirror.com/is-binary-path/2.1.0:
    resolution: {integrity: sha512-ZMERYes6pDydyuGidse7OsHxtbI7WVeUEozgR/g7rd0xUimYNlvZRE/K2MgZTjWy725IfelLeVcEM97mmtRGXw==, registry: https://registry.npm.taobao.org/, tarball: https://registry.npmmirror.com/is-binary-path/-/is-binary-path-2.1.0.tgz}
    name: is-binary-path
    version: 2.1.0
    engines: {node: '>=8'}
    dependencies:
      binary-extensions: registry.npmmirror.com/binary-extensions/2.2.0
    dev: true

  registry.npmmirror.com/is-core-module/2.9.0:
    resolution: {integrity: sha512-+5FPy5PnwmO3lvfMb0AsoPaBG+5KHUI0wYFXOtYPnVVVspTFUuMZNfNaNVRt3FZadstu2c8x23vykRW/NBoU6A==, registry: https://registry.npm.taobao.org/, tarball: https://registry.npmmirror.com/is-core-module/-/is-core-module-2.9.0.tgz}
    name: is-core-module
    version: 2.9.0
    dependencies:
      has: registry.npmmirror.com/has/1.0.3
    dev: true

  registry.npmmirror.com/is-extglob/2.1.1:
    resolution: {integrity: sha512-SbKbANkN603Vi4jEZv49LeVJMn4yGwsbzZworEoyEiutsN3nJYdbO36zfhGJ6QEDpOZIFkDtnq5JRxmvl3jsoQ==, registry: https://registry.npm.taobao.org/, tarball: https://registry.npmmirror.com/is-extglob/-/is-extglob-2.1.1.tgz}
    name: is-extglob
    version: 2.1.1
    engines: {node: '>=0.10.0'}
    dev: true

  registry.npmmirror.com/is-glob/4.0.3:
    resolution: {integrity: sha512-xelSayHH36ZgE7ZWhli7pW34hNbNl8Ojv5KVmkJD4hBdD3th8Tfk9vYasLM+mXWOZhFkgZfxhLSnrwRr4elSSg==, registry: https://registry.npm.taobao.org/, tarball: https://registry.npmmirror.com/is-glob/-/is-glob-4.0.3.tgz}
    name: is-glob
    version: 4.0.3
    engines: {node: '>=0.10.0'}
    dependencies:
      is-extglob: registry.npmmirror.com/is-extglob/2.1.1
    dev: true

  registry.npmmirror.com/is-number/7.0.0:
    resolution: {integrity: sha512-41Cifkg6e8TylSpdtTpeLVMqvSBEVzTttHvERD741+pnZ8ANv0004MRL43QKPDlK9cGvNp6NZWZUBlbGXYxxng==, registry: https://registry.npm.taobao.org/, tarball: https://registry.npmmirror.com/is-number/-/is-number-7.0.0.tgz}
    name: is-number
    version: 7.0.0
    engines: {node: '>=0.12.0'}
    dev: true

  registry.npmmirror.com/lilconfig/2.0.5:
    resolution: {integrity: sha512-xaYmXZtTHPAw5m+xLN8ab9C+3a8YmV3asNSPOATITbtwrfbwaLJj8h66H1WMIpALCkqsIzK3h7oQ+PdX+LQ9Eg==, registry: https://registry.npm.taobao.org/, tarball: https://registry.npmmirror.com/lilconfig/-/lilconfig-2.0.5.tgz}
    name: lilconfig
    version: 2.0.5
    engines: {node: '>=10'}
    dev: true

  registry.npmmirror.com/merge2/1.4.1:
    resolution: {integrity: sha512-8q7VEgMJW4J8tcfVPy8g09NcQwZdbwFEqhe/WZkoIzjn/3TGDwtOCYtXGxA3O8tPzpczCCDgv+P2P5y00ZJOOg==, registry: https://registry.npm.taobao.org/, tarball: https://registry.npmmirror.com/merge2/-/merge2-1.4.1.tgz}
    name: merge2
    version: 1.4.1
    engines: {node: '>= 8'}
    dev: true

  registry.npmmirror.com/micromatch/4.0.5:
    resolution: {integrity: sha512-DMy+ERcEW2q8Z2Po+WNXuw3c5YaUSFjAO5GsJqfEl7UjvtIuFKO6ZrKvcItdy98dwFI2N1tg3zNIdKaQT+aNdA==, registry: https://registry.npm.taobao.org/, tarball: https://registry.npmmirror.com/micromatch/-/micromatch-4.0.5.tgz}
    name: micromatch
    version: 4.0.5
    engines: {node: '>=8.6'}
    dependencies:
      braces: registry.npmmirror.com/braces/3.0.2
      picomatch: registry.npmmirror.com/picomatch/2.3.1
    dev: true

  registry.npmmirror.com/minimist/1.2.6:
    resolution: {integrity: sha512-Jsjnk4bw3YJqYzbdyBiNsPWHPfO++UGG749Cxs6peCu5Xg4nrena6OVxOYxrQTqww0Jmwt+Ref8rggumkTLz9Q==, registry: https://registry.npm.taobao.org/, tarball: https://registry.npmmirror.com/minimist/-/minimist-1.2.6.tgz}
    name: minimist
    version: 1.2.6
    dev: true

  registry.npmmirror.com/nanoid/3.3.4:
    resolution: {integrity: sha512-MqBkQh/OHTS2egovRtLk45wEyNXwF+cokD+1YPf9u5VfJiRdAiRwB2froX5Co9Rh20xs4siNPm8naNotSD6RBw==, registry: https://registry.npm.taobao.org/, tarball: https://registry.npmmirror.com/nanoid/-/nanoid-3.3.4.tgz}
    name: nanoid
    version: 3.3.4
    engines: {node: ^10 || ^12 || ^13.7 || ^14 || >=15.0.1}
    hasBin: true
    dev: true

  registry.npmmirror.com/node-releases/2.0.5:
    resolution: {integrity: sha512-U9h1NLROZTq9uE1SNffn6WuPDg8icmi3ns4rEl/oTfIle4iLjTliCzgTsbaIFMq/Xn078/lfY/BL0GWZ+psK4Q==, registry: https://registry.npm.taobao.org/, tarball: https://registry.npmmirror.com/node-releases/-/node-releases-2.0.5.tgz}
    name: node-releases
    version: 2.0.5
    dev: true

  registry.npmmirror.com/normalize-path/3.0.0:
    resolution: {integrity: sha512-6eZs5Ls3WtCisHWp9S2GUy8dqkpGi4BVSz3GaqiE6ezub0512ESztXUwUB6C6IKbQkY2Pnb/mD4WYojCRwcwLA==, registry: https://registry.npm.taobao.org/, tarball: https://registry.npmmirror.com/normalize-path/-/normalize-path-3.0.0.tgz}
    name: normalize-path
    version: 3.0.0
    engines: {node: '>=0.10.0'}
    dev: true

  registry.npmmirror.com/normalize-range/0.1.2:
    resolution: {integrity: sha512-bdok/XvKII3nUpklnV6P2hxtMNrCboOjAcyBuQnWEhO665FwrSNRxU+AqpsyvO6LgGYPspN+lu5CLtw4jPRKNA==, registry: https://registry.npm.taobao.org/, tarball: https://registry.npmmirror.com/normalize-range/-/normalize-range-0.1.2.tgz}
    name: normalize-range
    version: 0.1.2
    engines: {node: '>=0.10.0'}
    dev: true

  registry.npmmirror.com/object-hash/3.0.0:
    resolution: {integrity: sha512-RSn9F68PjH9HqtltsSnqYC1XXoWe9Bju5+213R98cNGttag9q9yAOTzdbsqvIa7aNm5WffBZFpWYr2aWrklWAw==, registry: https://registry.npm.taobao.org/, tarball: https://registry.npmmirror.com/object-hash/-/object-hash-3.0.0.tgz}
    name: object-hash
    version: 3.0.0
    engines: {node: '>= 6'}
    dev: true

  registry.npmmirror.com/path-parse/1.0.7:
    resolution: {integrity: sha512-LDJzPVEEEPR+y48z93A0Ed0yXb8pAByGWo/k5YYdYgpY2/2EsOsksJrq7lOHxryrVOn1ejG6oAp8ahvOIQD8sw==, registry: https://registry.npm.taobao.org/, tarball: https://registry.npmmirror.com/path-parse/-/path-parse-1.0.7.tgz}
    name: path-parse
    version: 1.0.7
    dev: true

  registry.npmmirror.com/picocolors/1.0.0:
    resolution: {integrity: sha512-1fygroTLlHu66zi26VoTDv8yRgm0Fccecssto+MhsZ0D/DGW2sm8E8AjW7NU5VVTRt5GxbeZ5qBuJr+HyLYkjQ==, registry: https://registry.npm.taobao.org/, tarball: https://registry.npmmirror.com/picocolors/-/picocolors-1.0.0.tgz}
    name: picocolors
    version: 1.0.0
    dev: true

  registry.npmmirror.com/picomatch/2.3.1:
    resolution: {integrity: sha512-JU3teHTNjmE2VCGFzuY8EXzCDVwEqB2a8fsIvwaStHhAWJEeVd1o1QD80CU6+ZdEXXSLbSsuLwJjkCBWqRQUVA==, registry: https://registry.npm.taobao.org/, tarball: https://registry.npmmirror.com/picomatch/-/picomatch-2.3.1.tgz}
    name: picomatch
    version: 2.3.1
    engines: {node: '>=8.6'}
    dev: true

  registry.npmmirror.com/pify/2.3.0:
    resolution: {integrity: sha512-udgsAY+fTnvv7kI7aaxbqwWNb0AHiB0qBO89PZKPkoTmGOgdbrHDKD+0B2X4uTfJ/FT1R09r9gTsjUjNJotuog==, registry: https://registry.npm.taobao.org/, tarball: https://registry.npmmirror.com/pify/-/pify-2.3.0.tgz}
    name: pify
    version: 2.3.0
    engines: {node: '>=0.10.0'}
    dev: true

  registry.npmmirror.com/postcss-import/14.1.0_postcss@8.4.14:
    resolution: {integrity: sha512-flwI+Vgm4SElObFVPpTIT7SU7R3qk2L7PyduMcokiaVKuWv9d/U+Gm/QAd8NDLuykTWTkcrjOeD2Pp1rMeBTGw==, registry: https://registry.npm.taobao.org/, tarball: https://registry.npmmirror.com/postcss-import/-/postcss-import-14.1.0.tgz}
    id: registry.npmmirror.com/postcss-import/14.1.0
    name: postcss-import
    version: 14.1.0
    engines: {node: '>=10.0.0'}
    peerDependencies:
      postcss: ^8.0.0
    dependencies:
      postcss: registry.npmmirror.com/postcss/8.4.14
      postcss-value-parser: registry.npmmirror.com/postcss-value-parser/4.2.0
      read-cache: registry.npmmirror.com/read-cache/1.0.0
      resolve: registry.npmmirror.com/resolve/1.22.1
    dev: true

  registry.npmmirror.com/postcss-js/4.0.0_postcss@8.4.14:
    resolution: {integrity: sha512-77QESFBwgX4irogGVPgQ5s07vLvFqWr228qZY+w6lW599cRlK/HmnlivnnVUxkjHnCu4J16PDMHcH+e+2HbvTQ==, registry: https://registry.npm.taobao.org/, tarball: https://registry.npmmirror.com/postcss-js/-/postcss-js-4.0.0.tgz}
    id: registry.npmmirror.com/postcss-js/4.0.0
    name: postcss-js
    version: 4.0.0
    engines: {node: ^12 || ^14 || >= 16}
    peerDependencies:
      postcss: ^8.3.3
    dependencies:
      camelcase-css: registry.npmmirror.com/camelcase-css/2.0.1
      postcss: registry.npmmirror.com/postcss/8.4.14
    dev: true

  registry.npmmirror.com/postcss-load-config/3.1.4_postcss@8.4.14:
    resolution: {integrity: sha512-6DiM4E7v4coTE4uzA8U//WhtPwyhiim3eyjEMFCnUpzbrkK9wJHgKDT2mR+HbtSrd/NubVaYTOpSpjUl8NQeRg==, registry: https://registry.npm.taobao.org/, tarball: https://registry.npmmirror.com/postcss-load-config/-/postcss-load-config-3.1.4.tgz}
    id: registry.npmmirror.com/postcss-load-config/3.1.4
    name: postcss-load-config
    version: 3.1.4
    engines: {node: '>= 10'}
    peerDependencies:
      postcss: '>=8.0.9'
      ts-node: '>=9.0.0'
    peerDependenciesMeta:
      postcss:
        optional: true
      ts-node:
        optional: true
    dependencies:
      lilconfig: registry.npmmirror.com/lilconfig/2.0.5
      postcss: registry.npmmirror.com/postcss/8.4.14
      yaml: registry.npmmirror.com/yaml/1.10.2
    dev: true

  registry.npmmirror.com/postcss-nested/5.0.6_postcss@8.4.14:
    resolution: {integrity: sha512-rKqm2Fk0KbA8Vt3AdGN0FB9OBOMDVajMG6ZCf/GoHgdxUJ4sBFp0A/uMIRm+MJUdo33YXEtjqIz8u7DAp8B7DA==, registry: https://registry.npm.taobao.org/, tarball: https://registry.npmmirror.com/postcss-nested/-/postcss-nested-5.0.6.tgz}
    id: registry.npmmirror.com/postcss-nested/5.0.6
    name: postcss-nested
    version: 5.0.6
    engines: {node: '>=12.0'}
    peerDependencies:
      postcss: ^8.2.14
    dependencies:
      postcss: registry.npmmirror.com/postcss/8.4.14
      postcss-selector-parser: registry.npmmirror.com/postcss-selector-parser/6.0.10
    dev: true

  registry.npmmirror.com/postcss-selector-parser/6.0.10:
    resolution: {integrity: sha512-IQ7TZdoaqbT+LCpShg46jnZVlhWD2w6iQYAcYXfHARZ7X1t/UGhhceQDs5X0cGqKvYlHNOuv7Oa1xmb0oQuA3w==, registry: https://registry.npm.taobao.org/, tarball: https://registry.npmmirror.com/postcss-selector-parser/-/postcss-selector-parser-6.0.10.tgz}
    name: postcss-selector-parser
    version: 6.0.10
    engines: {node: '>=4'}
    dependencies:
      cssesc: registry.npmmirror.com/cssesc/3.0.0
      util-deprecate: registry.npmmirror.com/util-deprecate/1.0.2
    dev: true

  registry.npmmirror.com/postcss-value-parser/4.2.0:
    resolution: {integrity: sha512-1NNCs6uurfkVbeXG4S8JFT9t19m45ICnif8zWLd5oPSZ50QnwMfK+H3jv408d4jw/7Bttv5axS5IiHoLaVNHeQ==, registry: https://registry.npm.taobao.org/, tarball: https://registry.npmmirror.com/postcss-value-parser/-/postcss-value-parser-4.2.0.tgz}
    name: postcss-value-parser
    version: 4.2.0
    dev: true

  registry.npmmirror.com/postcss/8.4.14:
    resolution: {integrity: sha512-E398TUmfAYFPBSdzgeieK2Y1+1cpdxJx8yXbK/m57nRhKSmk1GB2tO4lbLBtlkfPQTDKfe4Xqv1ASWPpayPEig==, registry: https://registry.npm.taobao.org/, tarball: https://registry.npmmirror.com/postcss/-/postcss-8.4.14.tgz}
    name: postcss
    version: 8.4.14
    engines: {node: ^10 || ^12 || >=14}
    dependencies:
      nanoid: registry.npmmirror.com/nanoid/3.3.4
      picocolors: registry.npmmirror.com/picocolors/1.0.0
      source-map-js: registry.npmmirror.com/source-map-js/1.0.2
    dev: true

  registry.npmmirror.com/queue-microtask/1.2.3:
    resolution: {integrity: sha512-NuaNSa6flKT5JaSYQzJok04JzTL1CA6aGhv5rfLW3PgqA+M2ChpZQnAC8h8i4ZFkBS8X5RqkDBHA7r4hej3K9A==, registry: https://registry.npm.taobao.org/, tarball: https://registry.npmmirror.com/queue-microtask/-/queue-microtask-1.2.3.tgz}
    name: queue-microtask
    version: 1.2.3
    dev: true

  registry.npmmirror.com/quick-lru/5.1.1:
    resolution: {integrity: sha512-WuyALRjWPDGtt/wzJiadO5AXY+8hZ80hVpe6MyivgraREW751X3SbhRvG3eLKOYN+8VEvqLcf3wdnt44Z4S4SA==, registry: https://registry.npm.taobao.org/, tarball: https://registry.npmmirror.com/quick-lru/-/quick-lru-5.1.1.tgz}
    name: quick-lru
    version: 5.1.1
    engines: {node: '>=10'}
    dev: true

  registry.npmmirror.com/read-cache/1.0.0:
    resolution: {integrity: sha512-Owdv/Ft7IjOgm/i0xvNDZ1LrRANRfew4b2prF3OWMQLxLfu3bS8FVhCsrSCMK4lR56Y9ya+AThoTpDCTxCmpRA==, registry: https://registry.npm.taobao.org/, tarball: https://registry.npmmirror.com/read-cache/-/read-cache-1.0.0.tgz}
    name: read-cache
    version: 1.0.0
    dependencies:
      pify: registry.npmmirror.com/pify/2.3.0
    dev: true

  registry.npmmirror.com/readdirp/3.6.0:
    resolution: {integrity: sha512-hOS089on8RduqdbhvQ5Z37A0ESjsqz6qnRcffsMU3495FuTdqSm+7bhJ29JvIOsBDEEnan5DPu9t3To9VRlMzA==, registry: https://registry.npm.taobao.org/, tarball: https://registry.npmmirror.com/readdirp/-/readdirp-3.6.0.tgz}
    name: readdirp
    version: 3.6.0
    engines: {node: '>=8.10.0'}
    dependencies:
      picomatch: registry.npmmirror.com/picomatch/2.3.1
    dev: true

  registry.npmmirror.com/resolve/1.22.1:
    resolution: {integrity: sha512-nBpuuYuY5jFsli/JIs1oldw6fOQCBioohqWZg/2hiaOybXOft4lonv85uDOKXdf8rhyK159cxU5cDcK/NKk8zw==, registry: https://registry.npm.taobao.org/, tarball: https://registry.npmmirror.com/resolve/-/resolve-1.22.1.tgz}
    name: resolve
    version: 1.22.1
    hasBin: true
    dependencies:
      is-core-module: registry.npmmirror.com/is-core-module/2.9.0
      path-parse: registry.npmmirror.com/path-parse/1.0.7
      supports-preserve-symlinks-flag: registry.npmmirror.com/supports-preserve-symlinks-flag/1.0.0
    dev: true

  registry.npmmirror.com/reusify/1.0.4:
    resolution: {integrity: sha512-U9nH88a3fc/ekCF1l0/UP1IosiuIjyTh7hBvXVMHYgVcfGvt897Xguj2UOLDeI5BG2m7/uwyaLVT6fbtCwTyzw==, registry: https://registry.npm.taobao.org/, tarball: https://registry.npmmirror.com/reusify/-/reusify-1.0.4.tgz}
    name: reusify
    version: 1.0.4
    engines: {iojs: '>=1.0.0', node: '>=0.10.0'}
    dev: true

  registry.npmmirror.com/rollup/2.75.7:
    resolution: {integrity: sha512-VSE1iy0eaAYNCxEXaleThdFXqZJ42qDBatAwrfnPlENEZ8erQ+0LYX4JXOLPceWfZpV1VtZwZ3dFCuOZiSyFtQ==, registry: https://registry.npm.taobao.org/, tarball: https://registry.npmmirror.com/rollup/-/rollup-2.75.7.tgz}
    name: rollup
    version: 2.75.7
    engines: {node: '>=10.0.0'}
    hasBin: true
    optionalDependencies:
      fsevents: registry.npmmirror.com/fsevents/2.3.2
    dev: true

  registry.npmmirror.com/run-parallel/1.2.0:
    resolution: {integrity: sha512-5l4VyZR86LZ/lDxZTR6jqL8AFE2S0IFLMP26AbjsLVADxHdhB/c0GUsH+y39UfCi3dzz8OlQuPmnaJOMoDHQBA==, registry: https://registry.npm.taobao.org/, tarball: https://registry.npmmirror.com/run-parallel/-/run-parallel-1.2.0.tgz}
    name: run-parallel
    version: 1.2.0
    dependencies:
      queue-microtask: registry.npmmirror.com/queue-microtask/1.2.3
    dev: true

  registry.npmmirror.com/source-map-js/1.0.2:
    resolution: {integrity: sha512-R0XvVJ9WusLiqTCEiGCmICCMplcCkIwwR11mOSD9CR5u+IXYdiseeEuXCVAjS54zqwkLcPNnmU4OeJ6tUrWhDw==, registry: https://registry.npm.taobao.org/, tarball: https://registry.npmmirror.com/source-map-js/-/source-map-js-1.0.2.tgz}
    name: source-map-js
    version: 1.0.2
    engines: {node: '>=0.10.0'}
    dev: true

  registry.npmmirror.com/supports-preserve-symlinks-flag/1.0.0:
    resolution: {integrity: sha512-ot0WnXS9fgdkgIcePe6RHNk1WA8+muPa6cSjeR3V8K27q9BB1rTE3R1p7Hv0z1ZyAc8s6Vvv8DIyWf681MAt0w==, registry: https://registry.npm.taobao.org/, tarball: https://registry.npmmirror.com/supports-preserve-symlinks-flag/-/supports-preserve-symlinks-flag-1.0.0.tgz}
    name: supports-preserve-symlinks-flag
    version: 1.0.0
    engines: {node: '>= 0.4'}
    dev: true

  registry.npmmirror.com/tailwindcss/3.1.4:
    resolution: {integrity: sha512-NrxbFV4tYsga/hpWbRyUfIaBrNMXDxx5BsHgBS4v5tlyjf+sDsgBg5m9OxjrXIqAS/uR9kicxLKP+bEHI7BSeQ==, registry: https://registry.npm.taobao.org/, tarball: https://registry.npmmirror.com/tailwindcss/-/tailwindcss-3.1.4.tgz}
    name: tailwindcss
    version: 3.1.4
    engines: {node: '>=12.13.0'}
    hasBin: true
    dependencies:
      arg: registry.npmmirror.com/arg/5.0.2
      chokidar: registry.npmmirror.com/chokidar/3.5.3
      color-name: registry.npmmirror.com/color-name/1.1.4
      detective: registry.npmmirror.com/detective/5.2.1
      didyoumean: registry.npmmirror.com/didyoumean/1.2.2
      dlv: registry.npmmirror.com/dlv/1.1.3
      fast-glob: registry.npmmirror.com/fast-glob/3.2.11
      glob-parent: registry.npmmirror.com/glob-parent/6.0.2
      is-glob: registry.npmmirror.com/is-glob/4.0.3
      lilconfig: registry.npmmirror.com/lilconfig/2.0.5
      normalize-path: registry.npmmirror.com/normalize-path/3.0.0
      object-hash: registry.npmmirror.com/object-hash/3.0.0
      picocolors: registry.npmmirror.com/picocolors/1.0.0
      postcss: registry.npmmirror.com/postcss/8.4.14
      postcss-import: registry.npmmirror.com/postcss-import/14.1.0_postcss@8.4.14
      postcss-js: registry.npmmirror.com/postcss-js/4.0.0_postcss@8.4.14
      postcss-load-config: registry.npmmirror.com/postcss-load-config/3.1.4_postcss@8.4.14
      postcss-nested: registry.npmmirror.com/postcss-nested/5.0.6_postcss@8.4.14
      postcss-selector-parser: registry.npmmirror.com/postcss-selector-parser/6.0.10
      postcss-value-parser: registry.npmmirror.com/postcss-value-parser/4.2.0
      quick-lru: registry.npmmirror.com/quick-lru/5.1.1
      resolve: registry.npmmirror.com/resolve/1.22.1
    transitivePeerDependencies:
      - ts-node
    dev: true

  registry.npmmirror.com/to-regex-range/5.0.1:
    resolution: {integrity: sha512-65P7iz6X5yEr1cwcgvQxbbIw7Uk3gOy5dIdtZ4rDveLqhrdJP+Li/Hx6tyK0NEb+2GCyneCMJiGqrADCSNk8sQ==, registry: https://registry.npm.taobao.org/, tarball: https://registry.npmmirror.com/to-regex-range/-/to-regex-range-5.0.1.tgz}
    name: to-regex-range
    version: 5.0.1
    engines: {node: '>=8.0'}
    dependencies:
      is-number: registry.npmmirror.com/is-number/7.0.0
    dev: true

  registry.npmmirror.com/typescript/4.7.4:
    resolution: {integrity: sha512-C0WQT0gezHuw6AdY1M2jxUO83Rjf0HP7Sk1DtXj6j1EwkQNZrHAg2XPWlq62oqEhYvONq5pkC2Y9oPljWToLmQ==, registry: https://registry.npm.taobao.org/, tarball: https://registry.npmmirror.com/typescript/-/typescript-4.7.4.tgz}
    name: typescript
    version: 4.7.4
    engines: {node: '>=4.2.0'}
    hasBin: true
    dev: true

  registry.npmmirror.com/update-browserslist-db/1.0.4_browserslist@4.21.0:
    resolution: {integrity: sha512-jnmO2BEGUjsMOe/Fg9u0oczOe/ppIDZPebzccl1yDWGLFP16Pa1/RM5wEoKYPG2zstNcDuAStejyxsOuKINdGA==, registry: https://registry.npm.taobao.org/, tarball: https://registry.npmmirror.com/update-browserslist-db/-/update-browserslist-db-1.0.4.tgz}
    id: registry.npmmirror.com/update-browserslist-db/1.0.4
    name: update-browserslist-db
    version: 1.0.4
    hasBin: true
    peerDependencies:
      browserslist: '>= 4.21.0'
    dependencies:
      browserslist: registry.npmmirror.com/browserslist/4.21.0
      escalade: registry.npmmirror.com/escalade/3.1.1
      picocolors: registry.npmmirror.com/picocolors/1.0.0
    dev: true

  registry.npmmirror.com/util-deprecate/1.0.2:
    resolution: {integrity: sha512-EPD5q1uXyFxJpCrLnCc1nHnq3gOa6DZBocAIiI2TaSCA7VCJ1UJDMagCzIkXNsUYfD1daK//LTEQ8xiIbrHtcw==, registry: https://registry.npm.taobao.org/, tarball: https://registry.npmmirror.com/util-deprecate/-/util-deprecate-1.0.2.tgz}
    name: util-deprecate
    version: 1.0.2
    dev: true

  registry.npmmirror.com/vite/2.9.13:
    resolution: {integrity: sha512-AsOBAaT0AD7Mhe8DuK+/kE4aWYFMx/i0ZNi98hJclxb4e0OhQcZYUrvLjIaQ8e59Ui7txcvKMiJC1yftqpQoDw==, registry: https://registry.npm.taobao.org/, tarball: https://registry.npmmirror.com/vite/-/vite-2.9.13.tgz}
    name: vite
    version: 2.9.13
    engines: {node: '>=12.2.0'}
    hasBin: true
    peerDependencies:
      less: '*'
      sass: '*'
      stylus: '*'
    peerDependenciesMeta:
      less:
        optional: true
      sass:
        optional: true
      stylus:
        optional: true
    dependencies:
      esbuild: registry.npmmirror.com/esbuild/0.14.47
      postcss: registry.npmmirror.com/postcss/8.4.14
      resolve: registry.npmmirror.com/resolve/1.22.1
      rollup: registry.npmmirror.com/rollup/2.75.7
    optionalDependencies:
      fsevents: registry.npmmirror.com/fsevents/2.3.2
    dev: true

  registry.npmmirror.com/xtend/4.0.2:
    resolution: {integrity: sha512-LKYU1iAXJXUgAXn9URjiu+MWhyUXHsvfp7mcuYm9dSUKK0/CjtrUwFAxD82/mCWbtLsGjFIad0wIsod4zrTAEQ==, registry: https://registry.npm.taobao.org/, tarball: https://registry.npmmirror.com/xtend/-/xtend-4.0.2.tgz}
    name: xtend
    version: 4.0.2
    engines: {node: '>=0.4'}
    dev: true

  registry.npmmirror.com/yaml/1.10.2:
    resolution: {integrity: sha512-r3vXyErRCYJ7wg28yvBY5VSoAF8ZvlcW9/BwUzEtUsjvX/DKs24dIkuwjtuprwJJHsbyUbLApepYTR1BN4uHrg==, registry: https://registry.npm.taobao.org/, tarball: https://registry.npmmirror.com/yaml/-/yaml-1.10.2.tgz}
    name: yaml
    version: 1.10.2
    engines: {node: '>= 6'}
    dev: true
